
Microsoft Visual Studio Solution File, Format Version 12.00
Project("{FAE04EC0-301F-11D3-BF4B-00C04F79EFBC}") = "API", "API\API.csproj", "{3A2076A3-8D10-43DF-8CC6-9375751241ED}"
EndProject
Project("{FAE04EC0-301F-11D3-BF4B-00C04F79EFBC}") = "Application", "Application\Application.csproj", "{A9E95E5F-2596-4B56-A824-3C21BE7224ED}"
EndProject
Project("{FAE04EC0-301F-11D3-BF4B-00C04F79EFBC}") = "DataAccess", "DataAccess\DataAccess.csproj", "{3C0BEEFC-BB49-44FF-AAD4-22461E486DAA}"
EndProject
Global
	GlobalSection(SolutionConfigurationPlatforms) = preSolution
		Debug|Any CPU = Debug|Any CPU
		Release|Any CPU = Release|Any CPU
	EndGlobalSection
	GlobalSection(ProjectConfigurationPlatforms) = postSolution
		{3A2076A3-8D10-43DF-8CC6-9375751241ED}.Debug|Any CPU.ActiveCfg = Debug|Any CPU
		{3A2076A3-8D10-43DF-8CC6-9375751241ED}.Debug|Any CPU.Build.0 = Debug|Any CPU
		{3A2076A3-8D10-43DF-8CC6-9375751241ED}.Release|Any CPU.ActiveCfg = Release|Any CPU
		{3A2076A3-8D10-43DF-8CC6-9375751241ED}.Release|Any CPU.Build.0 = Release|Any CPU
		{A9E95E5F-2596-4B56-A824-3C21BE7224ED}.Debug|Any CPU.ActiveCfg = Debug|Any CPU
		{A9E95E5F-2596-4B56-A824-3C21BE7224ED}.Debug|Any CPU.Build.0 = Debug|Any CPU
		{A9E95E5F-2596-4B56-A824-3C21BE7224ED}.Release|Any CPU.ActiveCfg = Release|Any CPU
		{A9E95E5F-2596-4B56-A824-3C21BE7224ED}.Release|Any CPU.Build.0 = Release|Any CPU
		{3C0BEEFC-BB49-44FF-AAD4-22461E486DAA}.Debug|Any CPU.ActiveCfg = Debug|Any CPU
		{3C0BEEFC-BB49-44FF-AAD4-22461E486DAA}.Debug|Any CPU.Build.0 = Debug|Any CPU
		{3C0BEEFC-BB49-44FF-AAD4-22461E486DAA}.Release|Any CPU.ActiveCfg = Release|Any CPU
		{3C0BEEFC-BB49-44FF-AAD4-22461E486DAA}.Release|Any CPU.Build.0 = Release|Any CPU
	EndGlobalSection
EndGlobal
